// !$*UTF8*$!
{
	archiveVersion = 1;
	classes = {
	};
	objectVersion = 55;
	objects = {

/* Begin PBXBuildFile section */
		18D491FA2832905000834606 /* AppDelegate.swift in Sources */ = {isa = PBXBuildFile; fileRef = 18D491F92832905000834606 /* AppDelegate.swift */; };
		18D491FC2832905000834606 /* SceneDelegate.swift in Sources */ = {isa = PBXBuildFile; fileRef = 18D491FB2832905000834606 /* SceneDelegate.swift */; };
		18D491FE2832905000834606 /* ViewController.swift in Sources */ = {isa = PBXBuildFile; fileRef = 18D491FD2832905000834606 /* ViewController.swift */; };
		18D492012832905000834606 /* Main.storyboard in Resources */ = {isa = PBXBuildFile; fileRef = 18D491FF2832905000834606 /* Main.storyboard */; };
		18D492032832905300834606 /* Assets.xcassets in Resources */ = {isa = PBXBuildFile; fileRef = 18D492022832905300834606 /* Assets.xcassets */; };
		18D492062832905300834606 /* LaunchScreen.storyboard in Resources */ = {isa = PBXBuildFile; fileRef = 18D492042832905300834606 /* LaunchScreen.storyboard */; };
		18D492112832907C00834606 /* Command.swift in Sources */ = {isa = PBXBuildFile; fileRef = 18D492102832907C00834606 /* Command.swift */; };
		18D49213283290A200834606 /* CommandInvoker.swift in Sources */ = {isa = PBXBuildFile; fileRef = 18D49212283290A200834606 /* CommandInvoker.swift */; };
		18D492152832917400834606 /* FirebaseCommand.swift in Sources */ = {isa = PBXBuildFile; fileRef = 18D492142832917400834606 /* FirebaseCommand.swift */; };
		18D492172832928500834606 /* FlurryCommand.swift in Sources */ = {isa = PBXBuildFile; fileRef = 18D492162832928500834606 /* FlurryCommand.swift */; };
		18D492192832929A00834606 /* OnesignalCommand.swift in Sources */ = {isa = PBXBuildFile; fileRef = 18D492182832929A00834606 /* OnesignalCommand.swift */; };
		18D4921B283296BC00834606 /* GoogleService-Info.plist in Resources */ = {isa = PBXBuildFile; fileRef = 18D4921A283296BC00834606 /* GoogleService-Info.plist */; };
		A92C668B211D407CAD3F3248 /* Pods_EasyAppDelegateByCommands.framework in Frameworks */ = {isa = PBXBuildFile; fileRef = CBC0BBDC8333D1C4E0D0A12B /* Pods_EasyAppDelegateByCommands.framework */; };
/* End PBXBuildFile section */

/* Begin PBXFileReference section */
		18D491F62832905000834606 /* EasyAppDelegateByCommands.app */ = {isa = PBXFileReference; explicitFileType = wrapper.application; includeInIndex = 0; path = EasyAppDelegateByCommands.app; sourceTree = BUILT_PRODUCTS_DIR; };
		18D491F92832905000834606 /* AppDelegate.swift */ = {isa = PBXFileReference; lastKnownFileType = sourcecode.swift; path = AppDelegate.swift; sourceTree = "<group>"; };
		18D491FB2832905000834606 /* SceneDelegate.swift */ = {isa = PBXFileReference; lastKnownFileType = sourcecode.swift; path = SceneDelegate.swift; sourceTree = "<group>"; };
		18D491FD2832905000834606 /* ViewController.swift */ = {isa = PBXFileReference; lastKnownFileType = sourcecode.swift; path = ViewController.swift; sourceTree = "<group>"; };
		18D492002832905000834606 /* Base */ = {isa = PBXFileReference; lastKnownFileType = file.storyboard; name = Base; path = Base.lproj/Main.storyboard; sourceTree = "<group>"; };
		18D492022832905300834606 /* Assets.xcassets */ = {isa = PBXFileReference; lastKnownFileType = folder.assetcatalog; path = Assets.xcassets; sourceTree = "<group>"; };
		18D492052832905300834606 /* Base */ = {isa = PBXFileReference; lastKnownFileType = file.storyboard; name = Base; path = Base.lproj/LaunchScreen.storyboard; sourceTree = "<group>"; };
		18D492072832905300834606 /* Info.plist */ = {isa = PBXFileReference; lastKnownFileType = text.plist.xml; path = Info.plist; sourceTree = "<group>"; };
		18D492102832907C00834606 /* Command.swift */ = {isa = PBXFileReference; lastKnownFileType = sourcecode.swift; path = Command.swift; sourceTree = "<group>"; };
		18D49212283290A200834606 /* CommandInvoker.swift */ = {isa = PBXFileReference; lastKnownFileType = sourcecode.swift; path = CommandInvoker.swift; sourceTree = "<group>"; };
		18D492142832917400834606 /* FirebaseCommand.swift */ = {isa = PBXFileReference; lastKnownFileType = sourcecode.swift; path = FirebaseCommand.swift; sourceTree = "<group>"; };
		18D492162832928500834606 /* FlurryCommand.swift */ = {isa = PBXFileReference; lastKnownFileType = sourcecode.swift; path = FlurryCommand.swift; sourceTree = "<group>"; };
		18D492182832929A00834606 /* OnesignalCommand.swift */ = {isa = PBXFileReference; lastKnownFileType = sourcecode.swift; path = OnesignalCommand.swift; sourceTree = "<group>"; };
		18D4921A283296BC00834606 /* GoogleService-Info.plist */ = {isa = PBXFileReference; fileEncoding = 4; lastKnownFileType = text.plist.xml; path = "GoogleService-Info.plist"; sourceTree = "<group>"; };
		5E45CF1675B641573B279500 /* Pods-EasyAppDelegateByCommands.debug.xcconfig */ = {isa = PBXFileReference; includeInIndex = 1; lastKnownFileType = text.xcconfig; name = "Pods-EasyAppDelegateByCommands.debug.xcconfig"; path = "Target Support Files/Pods-EasyAppDelegateByCommands/Pods-EasyAppDelegateByCommands.debug.xcconfig"; sourceTree = "<group>"; };
		B0FC4F0390AFE0D5206C5C83 /* Pods-EasyAppDelegateByCommands.release.xcconfig */ = {isa = PBXFileReference; includeInIndex = 1; lastKnownFileType = text.xcconfig; name = "Pods-EasyAppDelegateByCommands.release.xcconfig"; path = "Target Support Files/Pods-EasyAppDelegateByCommands/Pods-EasyAppDelegateByCommands.release.xcconfig"; sourceTree = "<group>"; };
		CBC0BBDC8333D1C4E0D0A12B /* Pods_EasyAppDelegateByCommands.framework */ = {isa = PBXFileReference; explicitFileType = wrapper.framework; includeInIndex = 0; path = Pods_EasyAppDelegateByCommands.framework; sourceTree = BUILT_PRODUCTS_DIR; };
/* End PBXFileReference section */

/* Begin PBXFrameworksBuildPhase section */
		18D491F32832905000834606 /* Frameworks */ = {
			isa = PBXFrameworksBuildPhase;
			buildActionMask = 2147483647;
			files = (
				A92C668B211D407CAD3F3248 /* Pods_EasyAppDelegateByCommands.framework in Frameworks */,
			);
			runOnlyForDeploymentPostprocessing = 0;
		};
/* End PBXFrameworksBuildPhase section */

/* Begin PBXGroup section */
		18D491ED2832905000834606 = {
			isa = PBXGroup;
			children = (
				18D491F82832905000834606 /* EasyAppDelegateByCommands */,
				18D491F72832905000834606 /* Products */,
				8378B6D42F311226E080977D /* Pods */,
				E0C5E0C0834163377E5F14E1 /* Frameworks */,
			);
			sourceTree = "<group>";
		};
		18D491F72832905000834606 /* Products */ = {
			isa = PBXGroup;
			children = (
				18D491F62832905000834606 /* EasyAppDelegateByCommands.app */,
			);
			name = Products;
			sourceTree = "<group>";
		};
		18D491F82832905000834606 /* EasyAppDelegateByCommands */ = {
			isa = PBXGroup;
			children = (
				18D4920D2832905900834606 /* CommandPattern */,
				18D4921A283296BC00834606 /* GoogleService-Info.plist */,
				18D491F92832905000834606 /* AppDelegate.swift */,
				18D491FB2832905000834606 /* SceneDelegate.swift */,
				18D491FD2832905000834606 /* ViewController.swift */,
				18D491FF2832905000834606 /* Main.storyboard */,
				18D492022832905300834606 /* Assets.xcassets */,
				18D492042832905300834606 /* LaunchScreen.storyboard */,
				18D492072832905300834606 /* Info.plist */,
			);
			path = EasyAppDelegateByCommands;
			sourceTree = "<group>";
		};
		18D4920D2832905900834606 /* CommandPattern */ = {
			isa = PBXGroup;
			children = (
				18D4920F2832906900834606 /* Core */,
				18D4920E2832906200834606 /* Commands */,
			);
			path = CommandPattern;
			sourceTree = "<group>";
		};
		18D4920E2832906200834606 /* Commands */ = {
			isa = PBXGroup;
			children = (
				18D492142832917400834606 /* FirebaseCommand.swift */,
				18D492162832928500834606 /* FlurryCommand.swift */,
				18D492182832929A00834606 /* OnesignalCommand.swift */,
			);
			path = Commands;
			sourceTree = "<group>";
		};
		18D4920F2832906900834606 /* Core */ = {
			isa = PBXGroup;
			children = (
				18D492102832907C00834606 /* Command.swift */,
				18D49212283290A200834606 /* CommandInvoker.swift */,
			);
			path = Core;
			sourceTree = "<group>";
		};
		8378B6D42F311226E080977D /* Pods */ = {
			isa = PBXGroup;
			children = (
				5E45CF1675B641573B279500 /* Pods-EasyAppDelegateByCommands.debug.xcconfig */,
				B0FC4F0390AFE0D5206C5C83 /* Pods-EasyAppDelegateByCommands.release.xcconfig */,
			);
			path = Pods;
			sourceTree = "<group>";
		};
		E0C5E0C0834163377E5F14E1 /* Frameworks */ = {
			isa = PBXGroup;
			children = (
				CBC0BBDC8333D1C4E0D0A12B /* Pods_EasyAppDelegateByCommands.framework */,
			);
			name = Frameworks;
			sourceTree = "<group>";
		};
/* End PBXGroup section */

/* Begin PBXNativeTarget section */
		18D491F52832905000834606 /* EasyAppDelegateByCommands */ = {
			isa = PBXNativeTarget;
			buildConfigurationList = 18D4920A2832905300834606 /* Build configuration list for PBXNativeTarget "EasyAppDelegateByCommands" */;
			buildPhases = (
				DE23CD99D27A190FA6FEB676 /* [CP] Check Pods Manifest.lock */,
				18D491F22832905000834606 /* Sources */,
				18D491F32832905000834606 /* Frameworks */,
				18D491F42832905000834606 /* Resources */,
				9DC6EB419CE7423249468125 /* [CP] Embed Pods Frameworks */,
			);
			buildRules = (
			);
			dependencies = (
			);
			name = EasyAppDelegateByCommands;
			productName = EasyAppDelegateByCommands;
			productReference = 18D491F62832905000834606 /* EasyAppDelegateByCommands.app */;
			productType = "com.apple.product-type.application";
		};
/* End PBXNativeTarget section */

/* Begin PBXProject section */
		18D491EE2832905000834606 /* Project object */ = {
			isa = PBXProject;
			attributes = {
				BuildIndependentTargetsInParallel = 1;
				LastSwiftUpdateCheck = 1320;
				LastUpgradeCheck = 1320;
				TargetAttributes = {
					18D491F52832905000834606 = {
						CreatedOnToolsVersion = 13.2.1;
					};
				};
			};
			buildConfigurationList = 18D491F12832905000834606 /* Build configuration list for PBXProject "EasyAppDelegateByCommands" */;
			compatibilityVersion = "Xcode 13.0";
			developmentRegion = en;
			hasScannedForEncodings = 0;
			knownRegions = (
				en,
				Base,
			);
			mainGroup = 18D491ED2832905000834606;
			productRefGroup = 18D491F72832905000834606 /* Products */;
			projectDirPath = "";
			projectRoot = "";
			targets = (
				18D491F52832905000834606 /* EasyAppDelegateByCommands */,
			);
		};
/* End PBXProject section */

/* Begin PBXResourcesBuildPhase section */
		18D491F42832905000834606 /* Resources */ = {
			isa = PBXResourcesBuildPhase;
			buildActionMask = 2147483647;
			files = (
				18D492062832905300834606 /* LaunchScreen.storyboard in Resources */,
				18D4921B283296BC00834606 /* GoogleService-Info.plist in Resources */,
				18D492032832905300834606 /* Assets.xcassets in Resources */,
				18D492012832905000834606 /* Main.storyboard in Resources */,
			);
			runOnlyForDeploymentPostprocessing = 0;
		};
/* End PBXResourcesBuildPhase section */

/* Begin PBXShellScriptBuildPhase section */
		9DC6EB419CE7423249468125 /* [CP] Embed Pods Frameworks */ = {
			isa = PBXShellScriptBuildPhase;
			buildActionMask = 2147483647;
			files = (
			);
			inputFileListPaths = (
				"${PODS_ROOT}/Target Support Files/Pods-EasyAppDelegateByCommands/Pods-EasyAppDelegateByCommands-frameworks-${CONFIGURATION}-input-files.xcfilelist",
			);
			name = "[CP] Embed Pods Frameworks";
			outputFileListPaths = (
				"${PODS_ROOT}/Target Support Files/Pods-EasyAppDelegateByCommands/Pods-EasyAppDelegateByCommands-frameworks-${CONFIGURATION}-output-files.xcfilelist",
			);
			runOnlyForDeploymentPostprocessing = 0;
			shellPath = /bin/sh;
			shellScript = "\"${PODS_ROOT}/Target Support Files/Pods-EasyAppDelegateByCommands/Pods-EasyAppDelegateByCommands-frameworks.sh\"\n";
			showEnvVarsInLog = 0;
		};
		DE23CD99D27A190FA6FEB676 /* [CP] Check Pods Manifest.lock */ = {
			isa = PBXShellScriptBuildPhase;
			buildActionMask = 2147483647;
			files = (
			);
			inputFileListPaths = (
			);
			inputPaths = (
				"${PODS_PODFILE_DIR_PATH}/Podfile.lock",
				"${PODS_ROOT}/Manifest.lock",
			);
			name = "[CP] Check Pods Manifest.lock";
			outputFileListPaths = (
			);
			outputPaths = (
				"$(DERIVED_FILE_DIR)/Pods-EasyAppDelegateByCommands-checkManifestLockResult.txt",
			);
			runOnlyForDeploymentPostprocessing = 0;
			shellPath = /bin/sh;
			shellScript = "diff \"${PODS_PODFILE_DIR_PATH}/Podfile.lock\" \"${PODS_ROOT}/Manifest.lock\" > /dev/null\nif [ $? != 0 ] ; then\n    # print error to STDERR\n    echo \"error: The sandbox is not in sync with the Podfile.lock. Run 'pod install' or update your CocoaPods installation.\" >&2\n    exit 1\nfi\n# This output is used by Xcode 'outputs' to avoid re-running this script phase.\necho \"SUCCESS\" > \"${SCRIPT_OUTPUT_FILE_0}\"\n";
			showEnvVarsInLog = 0;
		};
/* End PBXShellScriptBuildPhase section */

/* Begin PBXSourcesBuildPhase section */
		18D491F22832905000834606 /* Sources */ = {
			isa = PBXSourcesBuildPhase;
			buildActionMask = 2147483647;
			files = (
				18D492192832929A00834606 /* OnesignalCommand.swift in Sources */,
				18D491FE2832905000834606 /* ViewController.swift in Sources */,
				18D491FA2832905000834606 /* AppDelegate.swift in Sources */,
				18D49213283290A200834606 /* CommandInvoker.swift in Sources */,
				18D492112832907C00834606 /* Command.swift in Sources */,
				18D492152832917400834606 /* FirebaseCommand.swift in Sources */,
				18D491FC2832905000834606 /* SceneDelegate.swift in Sources */,
				18D492172832928500834606 /* FlurryCommand.swift in Sources */,
			);
			runOnlyForDeploymentPostprocessing = 0;
		};
/* End PBXSourcesBuildPhase section */

/* Begin PBXVariantGroup section */
		18D491FF2832905000834606 /* Main.storyboard */ = {
			isa = PBXVariantGroup;
			children = (
				18D492002832905000834606 /* Base */,
			);
			name = Main.storyboard;
			sourceTree = "<group>";
		};
		18D492042832905300834606 /* LaunchScreen.storyboard */ = {
			isa = PBXVariantGroup;
			children = (
				18D492052832905300834606 /* Base */,
			);
			name = LaunchScreen.storyboard;
			sourceTree = "<group>";
		};
/* End PBXVariantGroup section */

/* Begin XCBuildConfiguration section */
		18D492082832905300834606 /* Debug */ = {
			isa = XCBuildConfiguration;
			buildSettings = {
				ALWAYS_SEARCH_USER_PATHS = NO;
				CLANG_ANALYZER_NONNULL = YES;
				CLANG_ANALYZER_NUMBER_OBJECT_CONVERSION = YES_AGGRESSIVE;
				CLANG_CXX_LANGUAGE_STANDARD = "gnu++17";
				CLANG_CXX_LIBRARY = "libc++";
				CLANG_ENABLE_MODULES = YES;
				CLANG_ENABLE_OBJC_ARC = YES;
				CLANG_ENABLE_OBJC_WEAK = YES;
				CLANG_WARN_BLOCK_CAPTURE_AUTORELEASING = YES;
				CLANG_WARN_BOOL_CONVERSION = YES;
				CLANG_WARN_COMMA = YES;
				CLANG_WARN_CONSTANT_CONVERSION = YES;
				CLANG_WARN_DEPRECATED_OBJC_IMPLEMENTATIONS = YES;
				CLANG_WARN_DIRECT_OBJC_ISA_USAGE = YES_ERROR;
				CLANG_WARN_DOCUMENTATION_COMMENTS = YES;
				CLANG_WARN_EMPTY_BODY = YES;
				CLANG_WARN_ENUM_CONVERSION = YES;
				CLANG_WARN_INFINITE_RECURSION = YES;
				CLANG_WARN_INT_CONVERSION = YES;
				CLANG_WARN_NON_LITERAL_NULL_CONVERSION = YES;
				CLANG_WARN_OBJC_IMPLICIT_RETAIN_SELF = YES;
				CLANG_WARN_OBJC_LITERAL_CONVERSION = YES;
				CLANG_WARN_OBJC_ROOT_CLASS = YES_ERROR;
				CLANG_WARN_QUOTED_INCLUDE_IN_FRAMEWORK_HEADER = YES;
				CLANG_WARN_RANGE_LOOP_ANALYSIS = YES;
				CLANG_WARN_STRICT_PROTOTYPES = YES;
				CLANG_WARN_SUSPICIOUS_MOVE = YES;
				CLANG_WARN_UNGUARDED_AVAILABILITY = YES_AGGRESSIVE;
				CLANG_WARN_UNREACHABLE_CODE = YES;
				CLANG_WARN__DUPLICATE_METHOD_MATCH = YES;
				COPY_PHASE_STRIP = NO;
				DEBUG_INFORMATION_FORMAT = dwarf;
				ENABLE_STRICT_OBJC_MSGSEND = YES;
				ENABLE_TESTABILITY = YES;
				GCC_C_LANGUAGE_STANDARD = gnu11;
				GCC_DYNAMIC_NO_PIC = NO;
				GCC_NO_COMMON_BLOCKS = YES;
				GCC_OPTIMIZATION_LEVEL = 0;
				GCC_PREPROCESSOR_DEFINITIONS = (
					"DEBUG=1",
					"$(inherited)",
				);
				GCC_WARN_64_TO_32_BIT_CONVERSION = YES;
				GCC_WARN_ABOUT_RETURN_TYPE = YES_ERROR;
				GCC_WARN_UNDECLARED_SELECTOR = YES;
				GCC_WARN_UNINITIALIZED_AUTOS = YES_AGGRESSIVE;
				GCC_WARN_UNUSED_FUNCTION = YES;
				GCC_WARN_UNUSED_VARIABLE = YES;
				IPHONEOS_DEPLOYMENT_TARGET = 15.2;
				MTL_ENABLE_DEBUG_INFO = INCLUDE_SOURCE;
				MTL_FAST_MATH = YES;
				ONLY_ACTIVE_ARCH = YES;
				SDKROOT = iphoneos;
				SWIFT_ACTIVE_COMPILATION_CONDITIONS = DEBUG;
				SWIFT_OPTIMIZATION_LEVEL = "-Onone";
			};
			name = Debug;
		};
		18D492092832905300834606 /* Release */ = {
			isa = XCBuildConfiguration;
			buildSettings = {
				ALWAYS_SEARCH_USER_PATHS = NO;
				CLANG_ANALYZER_NONNULL = YES;
				CLANG_ANALYZER_NUMBER_OBJECT_CONVERSION = YES_AGGRESSIVE;
				CLANG_CXX_LANGUAGE_STANDARD = "gnu++17";
				CLANG_CXX_LIBRARY = "libc++";
				CLANG_ENABLE_MODULES = YES;
				CLANG_ENABLE_OBJC_ARC = YES;
				CLANG_ENABLE_OBJC_WEAK = YES;
				CLANG_WARN_BLOCK_CAPTURE_AUTORELEASING = YES;
				CLANG_WARN_BOOL_CONVERSION = YES;
				CLANG_WARN_COMMA = YES;
				CLANG_WARN_CONSTANT_CONVERSION = YES;
				CLANG_WARN_DEPRECATED_OBJC_IMPLEMENTATIONS = YES;
				CLANG_WARN_DIRECT_OBJC_ISA_USAGE = YES_ERROR;
				CLANG_WARN_DOCUMENTATION_COMMENTS = YES;
				CLANG_WARN_EMPTY_BODY = YES;
				CLANG_WARN_ENUM_CONVERSION = YES;
				CLANG_WARN_INFINITE_RECURSION = YES;
				CLANG_WARN_INT_CONVERSION = YES;
				CLANG_WARN_NON_LITERAL_NULL_CONVERSION = YES;
				CLANG_WARN_OBJC_IMPLICIT_RETAIN_SELF = YES;
				CLANG_WARN_OBJC_LITERAL_CONVERSION = YES;
				CLANG_WARN_OBJC_ROOT_CLASS = YES_ERROR;
				CLANG_WARN_QUOTED_INCLUDE_IN_FRAMEWORK_HEADER = YES;
				CLANG_WARN_RANGE_LOOP_ANALYSIS = YES;
				CLANG_WARN_STRICT_PROTOTYPES = YES;
				CLANG_WARN_SUSPICIOUS_MOVE = YES;
				CLANG_WARN_UNGUARDED_AVAILABILITY = YES_AGGRESSIVE;
				CLANG_WARN_UNREACHABLE_CODE = YES;
				CLANG_WARN__DUPLICATE_METHOD_MATCH = YES;
				COPY_PHASE_STRIP = NO;
				DEBUG_INFORMATION_FORMAT = "dwarf-with-dsym";
				ENABLE_NS_ASSERTIONS = NO;
				ENABLE_STRICT_OBJC_MSGSEND = YES;
				GCC_C_LANGUAGE_STANDARD = gnu11;
				GCC_NO_COMMON_BLOCKS = YES;
				GCC_WARN_64_TO_32_BIT_CONVERSION = YES;
				GCC_WARN_ABOUT_RETURN_TYPE = YES_ERROR;
				GCC_WARN_UNDECLARED_SELECTOR = YES;
				GCC_WARN_UNINITIALIZED_AUTOS = YES_AGGRESSIVE;
				GCC_WARN_UNUSED_FUNCTION = YES;
				GCC_WARN_UNUSED_VARIABLE = YES;
				IPHONEOS_DEPLOYMENT_TARGET = 15.2;
				MTL_ENABLE_DEBUG_INFO = NO;
				MTL_FAST_MATH = YES;
				SDKROOT = iphoneos;
				SWIFT_COMPILATION_MODE = wholemodule;
				SWIFT_OPTIMIZATION_LEVEL = "-O";
				VALIDATE_PRODUCT = YES;
			};
			name = Release;
		};
		18D4920B2832905300834606 /* Debug */ = {
			isa = XCBuildConfiguration;
			baseConfigurationReference = 5E45CF1675B641573B279500 /* Pods-EasyAppDelegateByCommands.debug.xcconfig */;
			buildSettings = {
				ASSETCATALOG_COMPILER_APPICON_NAME = AppIcon;
				ASSETCATALOG_COMPILER_GLOBAL_ACCENT_COLOR_NAME = AccentColor;
				CODE_SIGN_STYLE = Automatic;
				CURRENT_PROJECT_VERSION = 1;
				GENERATE_INFOPLIST_FILE = YES;
				INFOPLIST_FILE = EasyAppDelegateByCommands/Info.plist;
				INFOPLIST_KEY_UIApplicationSupportsIndirectInputEvents = YES;
				INFOPLIST_KEY_UILaunchStoryboardName = LaunchScreen;
				INFOPLIST_KEY_UIMainStoryboardFile = Main;
				INFOPLIST_KEY_UISupportedInterfaceOrientations_iPad = "UIInterfaceOrientationPortrait UIInterfaceOrientationPortraitUpsideDown UIInterfaceOrientationLandscapeLeft UIInterfaceOrientationLandscapeRight";
				INFOPLIST_KEY_UISupportedInterfaceOrientations_iPhone = "UIInterfaceOrientationPortrait UIInterfaceOrientationLandscapeLeft UIInterfaceOrientationLandscapeRight";
				LD_RUNPATH_SEARCH_PATHS = (
					"$(inherited)",
					"@executable_path/Frameworks",
				);
				MARKETING_VERSION = 1.0;
				PRODUCT_BUNDLE_IDENTIFIER = com.malabed.EasyAppDelegateByCommands;
				PRODUCT_NAME = "$(TARGET_NAME)";
				SWIFT_EMIT_LOC_STRINGS = YES;
				SWIFT_VERSION = 5.0;
				TARGETED_DEVICE_FAMILY = "1,2";
			};
			name = Debug;
		};
		18D4920C2832905300834606 /* Release */ = {
			isa = XCBuildConfiguration;
			baseConfigurationReference = B0FC4F0390AFE0D5206C5C83 /* Pods-EasyAppDelegateByCommands.release.xcconfig */;
			buildSettings = {
				ASSETCATALOG_COMPILER_APPICON_NAME = AppIcon;
				ASSETCATALOG_COMPILER_GLOBAL_ACCENT_COLOR_NAME = AccentColor;
				CODE_SIGN_STYLE = Automatic;
				CURRENT_PROJECT_VERSION = 1;
				GENERATE_INFOPLIST_FILE = YES;
				INFOPLIST_FILE = EasyAppDelegateByCommands/Info.plist;
				INFOPLIST_KEY_UIApplicationSupportsIndirectInputEvents = YES;
				INFOPLIST_KEY_UILaunchStoryboardName = LaunchScreen;
				INFOPLIST_KEY_UIMainStoryboardFile = Main;
				INFOPLIST_KEY_UISupportedInterfaceOrientations_iPad = "UIInterfaceOrientationPortrait UIInterfaceOrientationPortraitUpsideDown UIInterfaceOrientationLandscapeLeft UIInterfaceOrientationLandscapeRight";
				INFOPLIST_KEY_UISupportedInterfaceOrientations_iPhone = "UIInterfaceOrientationPortrait UIInterfaceOrientationLandscapeLeft UIInterfaceOrientationLandscapeRight";
				LD_RUNPATH_SEARCH_PATHS = (
					"$(inherited)",
					"@executable_path/Frameworks",
				);
				MARKETING_VERSION = 1.0;
				PRODUCT_BUNDLE_IDENTIFIER = com.malabed.EasyAppDelegateByCommands;
				PRODUCT_NAME = "$(TARGET_NAME)";
				SWIFT_EMIT_LOC_STRINGS = YES;
				SWIFT_VERSION = 5.0;
				TARGETED_DEVICE_FAMILY = "1,2";
			};
			name = Release;
		};
/* End XCBuildConfiguration section */

/* Begin XCConfigurationList section */
		18D491F12832905000834606 /* Build configuration list for PBXProject "EasyAppDelegateByCommands" */ = {
			isa = XCConfigurationList;
			buildConfigurations = (
				18D492082832905300834606 /* Debug */,
				18D492092832905300834606 /* Release */,
			);
			defaultConfigurationIsVisible = 0;
			defaultConfigurationName = Release;
		};
		18D4920A2832905300834606 /* Build configuration list for PBXNativeTarget "EasyAppDelegateByCommands" */ = {
			isa = XCConfigurationList;
			buildConfigurations = (
				18D4920B2832905300834606 /* Debug */,
				18D4920C2832905300834606 /* Release */,
			);
			defaultConfigurationIsVisible = 0;
			defaultConfigurationName = Release;
		};
/* End XCConfigurationList section */
	};
	rootObject = 18D491EE2832905000834606 /* Project object */;
}
